
Microsoft Visual Studio Solution File, Format Version 12.00
# Visual Studio Version 17
VisualStudioVersion = 17.13.35913.81 d17.13
MinimumVisualStudioVersion = 10.0.40219.1
Project("{FAE04EC0-301F-11D3-BF4B-00C04F79EFBC}") = "projekt_restauracja", "projekt_restauracja\projekt_restauracja.csproj", "{3DCD5344-DF0A-4B60-A976-618F4ED1D29A}"
EndProject
Global
	GlobalSection(SolutionConfigurationPlatforms) = preSolution
		Debug|Any CPU = Debug|Any CPU
		Release|Any CPU = Release|Any CPU
	EndGlobalSection
	GlobalSection(ProjectConfigurationPlatforms) = postSolution
		{3DCD5344-DF0A-4B60-A976-618F4ED1D29A}.Debug|Any CPU.ActiveCfg = Debug|Any CPU
		{3DCD5344-DF0A-4B60-A976-618F4ED1D29A}.Debug|Any CPU.Build.0 = Debug|Any CPU
		{3DCD5344-DF0A-4B60-A976-618F4ED1D29A}.Release|Any CPU.ActiveCfg = Release|Any CPU
		{3DCD5344-DF0A-4B60-A976-618F4ED1D29A}.Release|Any CPU.Build.0 = Release|Any CPU
	EndGlobalSection
	GlobalSection(SolutionProperties) = preSolution
		HideSolutionNode = FALSE
	EndGlobalSection
	GlobalSection(ExtensibilityGlobals) = postSolution
		SolutionGuid = {17F62571-C92A-41EA-892D-531239548B01}
	EndGlobalSection
EndGlobal
